
Microsoft Visual Studio Solution File, Format Version 12.00
# Visual Studio Version 17
VisualStudioVersion = 17.3.32901.215
MinimumVisualStudioVersion = 10.0.40219.1
Project("{FAE04EC0-301F-11D3-BF4B-00C04F79EFBC}") = "CH10EX01", "CH10EX01.csproj", "{030B1918-C6B8-4318-A31C-6C51C5D42CE4}"
EndProject
Global
	GlobalSection(SolutionConfigurationPlatforms) = preSolution
		Debug|Any CPU = Debug|Any CPU
		Release|Any CPU = Release|Any CPU
	EndGlobalSection
	GlobalSection(ProjectConfigurationPlatforms) = postSolution
		{030B1918-C6B8-4318-A31C-6C51C5D42CE4}.Debug|Any CPU.ActiveCfg = Debug|Any CPU
		{030B1918-C6B8-4318-A31C-6C51C5D42CE4}.Debug|Any CPU.Build.0 = Debug|Any CPU
		{030B1918-C6B8-4318-A31C-6C51C5D42CE4}.Release|Any CPU.ActiveCfg = Release|Any CPU
		{030B1918-C6B8-4318-A31C-6C51C5D42CE4}.Release|Any CPU.Build.0 = Release|Any CPU
	EndGlobalSection
	GlobalSection(SolutionProperties) = preSolution
		HideSolutionNode = FALSE
	EndGlobalSection
	GlobalSection(ExtensibilityGlobals) = postSolution
		SolutionGuid = {971832E8-CFFF-4004-9B8F-B930B13E0CAE}
	EndGlobalSection
EndGlobal
