
Microsoft Visual Studio Solution File, Format Version 12.00
# Visual Studio Version 17
VisualStudioVersion = 17.3.32901.215
MinimumVisualStudioVersion = 10.0.40219.1
Project("{FAE04EC0-301F-11D3-BF4B-00C04F79EFBC}") = "Execises", "Execises\Execises.csproj", "{59F434C2-AC95-46C8-8155-215A75AA48DB}"
EndProject
Project("{FAE04EC0-301F-11D3-BF4B-00C04F79EFBC}") = "10.4", "10.4\10.4.csproj", "{5799D1C1-7F8D-4751-9D58-20E809F3D579}"
EndProject
Global
	GlobalSection(SolutionConfigurationPlatforms) = preSolution
		Debug|Any CPU = Debug|Any CPU
		Release|Any CPU = Release|Any CPU
	EndGlobalSection
	GlobalSection(ProjectConfigurationPlatforms) = postSolution
		{59F434C2-AC95-46C8-8155-215A75AA48DB}.Debug|Any CPU.ActiveCfg = Debug|Any CPU
		{59F434C2-AC95-46C8-8155-215A75AA48DB}.Debug|Any CPU.Build.0 = Debug|Any CPU
		{59F434C2-AC95-46C8-8155-215A75AA48DB}.Release|Any CPU.ActiveCfg = Release|Any CPU
		{59F434C2-AC95-46C8-8155-215A75AA48DB}.Release|Any CPU.Build.0 = Release|Any CPU
		{5799D1C1-7F8D-4751-9D58-20E809F3D579}.Debug|Any CPU.ActiveCfg = Debug|Any CPU
		{5799D1C1-7F8D-4751-9D58-20E809F3D579}.Debug|Any CPU.Build.0 = Debug|Any CPU
		{5799D1C1-7F8D-4751-9D58-20E809F3D579}.Release|Any CPU.ActiveCfg = Release|Any CPU
		{5799D1C1-7F8D-4751-9D58-20E809F3D579}.Release|Any CPU.Build.0 = Release|Any CPU
	EndGlobalSection
	GlobalSection(SolutionProperties) = preSolution
		HideSolutionNode = FALSE
	EndGlobalSection
	GlobalSection(ExtensibilityGlobals) = postSolution
		SolutionGuid = {481E7C65-6A20-4E63-BB76-4885264398F1}
	EndGlobalSection
EndGlobal
