
Microsoft Visual Studio Solution File, Format Version 12.00
# Visual Studio Version 17
VisualStudioVersion = 17.3.32901.215
MinimumVisualStudioVersion = 10.0.40219.1
Project("{FAE04EC0-301F-11D3-BF4B-00C04F79EFBC}") = "Ch11EX01", "Ch11EX01\Ch11EX01.csproj", "{D7EB2823-3A8B-4042-8C5E-6C20EFDD7357}"
EndProject
Global
	GlobalSection(SolutionConfigurationPlatforms) = preSolution
		Debug|Any CPU = Debug|Any CPU
		Release|Any CPU = Release|Any CPU
	EndGlobalSection
	GlobalSection(ProjectConfigurationPlatforms) = postSolution
		{D7EB2823-3A8B-4042-8C5E-6C20EFDD7357}.Debug|Any CPU.ActiveCfg = Debug|Any CPU
		{D7EB2823-3A8B-4042-8C5E-6C20EFDD7357}.Debug|Any CPU.Build.0 = Debug|Any CPU
		{D7EB2823-3A8B-4042-8C5E-6C20EFDD7357}.Release|Any CPU.ActiveCfg = Release|Any CPU
		{D7EB2823-3A8B-4042-8C5E-6C20EFDD7357}.Release|Any CPU.Build.0 = Release|Any CPU
	EndGlobalSection
	GlobalSection(SolutionProperties) = preSolution
		HideSolutionNode = FALSE
	EndGlobalSection
	GlobalSection(ExtensibilityGlobals) = postSolution
		SolutionGuid = {3F64F339-ED04-451D-AF71-9E49E2D9F548}
	EndGlobalSection
EndGlobal
