
Microsoft Visual Studio Solution File, Format Version 12.00
# Visual Studio Version 17
VisualStudioVersion = 17.3.32901.215
MinimumVisualStudioVersion = 10.0.40219.1
Project("{FAE04EC0-301F-11D3-BF4B-00C04F79EFBC}") = "BeginningCSharpAndDotNET_16_6_LargeNumber-", "BeginningCSharpAndDotNET_16_6_LargeNumber-.csproj", "{B6324C4B-CEC8-440C-8EFD-B6A91C691723}"
EndProject
Global
	GlobalSection(SolutionConfigurationPlatforms) = preSolution
		Debug|Any CPU = Debug|Any CPU
		Release|Any CPU = Release|Any CPU
	EndGlobalSection
	GlobalSection(ProjectConfigurationPlatforms) = postSolution
		{B6324C4B-CEC8-440C-8EFD-B6A91C691723}.Debug|Any CPU.ActiveCfg = Debug|Any CPU
		{B6324C4B-CEC8-440C-8EFD-B6A91C691723}.Debug|Any CPU.Build.0 = Debug|Any CPU
		{B6324C4B-CEC8-440C-8EFD-B6A91C691723}.Release|Any CPU.ActiveCfg = Release|Any CPU
		{B6324C4B-CEC8-440C-8EFD-B6A91C691723}.Release|Any CPU.Build.0 = Release|Any CPU
	EndGlobalSection
	GlobalSection(SolutionProperties) = preSolution
		HideSolutionNode = FALSE
	EndGlobalSection
	GlobalSection(ExtensibilityGlobals) = postSolution
		SolutionGuid = {582E9E60-B382-4BF3-9215-83D34DB7CF3E}
	EndGlobalSection
EndGlobal
