
Microsoft Visual Studio Solution File, Format Version 12.00
# Visual Studio Version 17
VisualStudioVersion = 17.3.32901.215
MinimumVisualStudioVersion = 10.0.40219.1
Project("{FAE04EC0-301F-11D3-BF4B-00C04F79EFBC}") = "Ch06Ex01", "Ch06Ex01.csproj", "{2F7B8F07-2B66-4895-BEB7-FEA477229E49}"
EndProject
Project("{FAE04EC0-301F-11D3-BF4B-00C04F79EFBC}") = "Ch06Ex02", "..\Ch06Ex02\Ch06Ex02.csproj", "{D251F980-EB31-4C2A-9F4F-5F5E10C62A5E}"
EndProject
Project("{FAE04EC0-301F-11D3-BF4B-00C04F79EFBC}") = "CH06Ex03", "..\CH06Ex03\CH06Ex03.csproj", "{A8D23386-37C7-4696-975C-3C3D16E3F6EF}"
EndProject
Global
	GlobalSection(SolutionConfigurationPlatforms) = preSolution
		Debug|Any CPU = Debug|Any CPU
		Release|Any CPU = Release|Any CPU
	EndGlobalSection
	GlobalSection(ProjectConfigurationPlatforms) = postSolution
		{2F7B8F07-2B66-4895-BEB7-FEA477229E49}.Debug|Any CPU.ActiveCfg = Debug|Any CPU
		{2F7B8F07-2B66-4895-BEB7-FEA477229E49}.Debug|Any CPU.Build.0 = Debug|Any CPU
		{2F7B8F07-2B66-4895-BEB7-FEA477229E49}.Release|Any CPU.ActiveCfg = Release|Any CPU
		{2F7B8F07-2B66-4895-BEB7-FEA477229E49}.Release|Any CPU.Build.0 = Release|Any CPU
		{D251F980-EB31-4C2A-9F4F-5F5E10C62A5E}.Debug|Any CPU.ActiveCfg = Debug|Any CPU
		{D251F980-EB31-4C2A-9F4F-5F5E10C62A5E}.Debug|Any CPU.Build.0 = Debug|Any CPU
		{D251F980-EB31-4C2A-9F4F-5F5E10C62A5E}.Release|Any CPU.ActiveCfg = Release|Any CPU
		{D251F980-EB31-4C2A-9F4F-5F5E10C62A5E}.Release|Any CPU.Build.0 = Release|Any CPU
		{A8D23386-37C7-4696-975C-3C3D16E3F6EF}.Debug|Any CPU.ActiveCfg = Debug|Any CPU
		{A8D23386-37C7-4696-975C-3C3D16E3F6EF}.Debug|Any CPU.Build.0 = Debug|Any CPU
		{A8D23386-37C7-4696-975C-3C3D16E3F6EF}.Release|Any CPU.ActiveCfg = Release|Any CPU
		{A8D23386-37C7-4696-975C-3C3D16E3F6EF}.Release|Any CPU.Build.0 = Release|Any CPU
	EndGlobalSection
	GlobalSection(SolutionProperties) = preSolution
		HideSolutionNode = FALSE
	EndGlobalSection
	GlobalSection(ExtensibilityGlobals) = postSolution
		SolutionGuid = {EB905060-5245-4ED7-AD56-EC0E0363F535}
	EndGlobalSection
EndGlobal
