
Microsoft Visual Studio Solution File, Format Version 12.00
# Visual Studio Version 17
VisualStudioVersion = 17.3.32901.215
MinimumVisualStudioVersion = 10.0.40219.1
Project("{FAE04EC0-301F-11D3-BF4B-00C04F79EFBC}") = "Ch11Ex02", "Ch11Ex02.csproj", "{4D920847-91E0-4E21-A2BF-F857375AA18D}"
EndProject
Global
	GlobalSection(SolutionConfigurationPlatforms) = preSolution
		Debug|Any CPU = Debug|Any CPU
		Release|Any CPU = Release|Any CPU
	EndGlobalSection
	GlobalSection(ProjectConfigurationPlatforms) = postSolution
		{4D920847-91E0-4E21-A2BF-F857375AA18D}.Debug|Any CPU.ActiveCfg = Debug|Any CPU
		{4D920847-91E0-4E21-A2BF-F857375AA18D}.Debug|Any CPU.Build.0 = Debug|Any CPU
		{4D920847-91E0-4E21-A2BF-F857375AA18D}.Release|Any CPU.ActiveCfg = Release|Any CPU
		{4D920847-91E0-4E21-A2BF-F857375AA18D}.Release|Any CPU.Build.0 = Release|Any CPU
	EndGlobalSection
	GlobalSection(SolutionProperties) = preSolution
		HideSolutionNode = FALSE
	EndGlobalSection
	GlobalSection(ExtensibilityGlobals) = postSolution
		SolutionGuid = {5187355B-C305-4AE1-B73B-9F54B91B9208}
	EndGlobalSection
EndGlobal
